
Microsoft Visual Studio Solution File, Format Version 11.00
# Visual Studio 2010
Project("{8BC9CEB8-8B4A-11D0-8D11-00A0C91BC942}") = "luaNewTest", "luaNewTest\luaNewTest.vcxproj", "{FEFB8F2C-57CF-4C94-A9D1-FCB3364DD152}"
EndProject
Global
	GlobalSection(SolutionConfigurationPlatforms) = preSolution
		Debug|Win32 = Debug|Win32
		Release|Win32 = Release|Win32
	EndGlobalSection
	GlobalSection(ProjectConfigurationPlatforms) = postSolution
		{FEFB8F2C-57CF-4C94-A9D1-FCB3364DD152}.Debug|Win32.ActiveCfg = Debug|Win32
		{FEFB8F2C-57CF-4C94-A9D1-FCB3364DD152}.Debug|Win32.Build.0 = Debug|Win32
		{FEFB8F2C-57CF-4C94-A9D1-FCB3364DD152}.Release|Win32.ActiveCfg = Release|Win32
		{FEFB8F2C-57CF-4C94-A9D1-FCB3364DD152}.Release|Win32.Build.0 = Release|Win32
	EndGlobalSection
	GlobalSection(SolutionProperties) = preSolution
		HideSolutionNode = FALSE
	EndGlobalSection
EndGlobal
